
Microsoft Visual Studio Solution File, Format Version 12.00
# Visual Studio Version 17
VisualStudioVersion = 17.0.32112.339
MinimumVisualStudioVersion = 10.0.40219.1
Project("{2150E333-8FDC-42A3-9474-1A3956D46DE8}") = "FrontEnd", "FrontEnd", "{8B0F4B51-28C7-40FF-B969-664C50C95296}"
EndProject
Project("{FAE04EC0-301F-11D3-BF4B-00C04F79EFBC}") = "Mango.Web", "Mango.Web\Mango.Web.csproj", "{A690A18E-A238-4F45-B8A1-C991A1078044}"
EndProject
Project("{2150E333-8FDC-42A3-9474-1A3956D46DE8}") = "Services", "Services", "{0E9FAE77-4A96-4FA1-9D77-DDE6A133DE39}"
EndProject
Project("{FAE04EC0-301F-11D3-BF4B-00C04F79EFBC}") = "Mango.Services.ProductAPI", "Mango.Services.ProductAPI\Mango.Services.ProductAPI.csproj", "{BA21D6BA-6CC8-4BFA-A015-379B4B165C3F}"
EndProject
Global
	GlobalSection(SolutionConfigurationPlatforms) = preSolution
		Debug|Any CPU = Debug|Any CPU
		Release|Any CPU = Release|Any CPU
	EndGlobalSection
	GlobalSection(ProjectConfigurationPlatforms) = postSolution
		{A690A18E-A238-4F45-B8A1-C991A1078044}.Debug|Any CPU.ActiveCfg = Debug|Any CPU
		{A690A18E-A238-4F45-B8A1-C991A1078044}.Debug|Any CPU.Build.0 = Debug|Any CPU
		{A690A18E-A238-4F45-B8A1-C991A1078044}.Release|Any CPU.ActiveCfg = Release|Any CPU
		{A690A18E-A238-4F45-B8A1-C991A1078044}.Release|Any CPU.Build.0 = Release|Any CPU
		{BA21D6BA-6CC8-4BFA-A015-379B4B165C3F}.Debug|Any CPU.ActiveCfg = Debug|Any CPU
		{BA21D6BA-6CC8-4BFA-A015-379B4B165C3F}.Debug|Any CPU.Build.0 = Debug|Any CPU
		{BA21D6BA-6CC8-4BFA-A015-379B4B165C3F}.Release|Any CPU.ActiveCfg = Release|Any CPU
		{BA21D6BA-6CC8-4BFA-A015-379B4B165C3F}.Release|Any CPU.Build.0 = Release|Any CPU
	EndGlobalSection
	GlobalSection(SolutionProperties) = preSolution
		HideSolutionNode = FALSE
	EndGlobalSection
	GlobalSection(NestedProjects) = preSolution
		{A690A18E-A238-4F45-B8A1-C991A1078044} = {8B0F4B51-28C7-40FF-B969-664C50C95296}
		{BA21D6BA-6CC8-4BFA-A015-379B4B165C3F} = {0E9FAE77-4A96-4FA1-9D77-DDE6A133DE39}
	EndGlobalSection
	GlobalSection(ExtensibilityGlobals) = postSolution
		SolutionGuid = {1A630D94-513E-4E64-B3B3-57FA6B76EF1E}
	EndGlobalSection
EndGlobal
